
Microsoft Visual Studio Solution File, Format Version 12.00
# Visual Studio Version 17
VisualStudioVersion = 17.8.34316.72
MinimumVisualStudioVersion = 10.0.40219.1
Project("{FAE04EC0-301F-11D3-BF4B-00C04F79EFBC}") = "GeometryLib", "GeometryLib\GeometryLib.csproj", "{8D27DDD8-F006-4D03-A2D8-565CF8721AF3}"
EndProject
Project("{FAE04EC0-301F-11D3-BF4B-00C04F79EFBC}") = "GeometryLib.Tests", "GeometryLib.Tests\GeometryLib.Tests.csproj", "{F9332F79-888E-41B4-8AE2-E1330078964F}"
EndProject
Global
	GlobalSection(SolutionConfigurationPlatforms) = preSolution
		Debug|Any CPU = Debug|Any CPU
		Release|Any CPU = Release|Any CPU
	EndGlobalSection
	GlobalSection(ProjectConfigurationPlatforms) = postSolution
		{8D27DDD8-F006-4D03-A2D8-565CF8721AF3}.Debug|Any CPU.ActiveCfg = Debug|Any CPU
		{8D27DDD8-F006-4D03-A2D8-565CF8721AF3}.Debug|Any CPU.Build.0 = Debug|Any CPU
		{8D27DDD8-F006-4D03-A2D8-565CF8721AF3}.Release|Any CPU.ActiveCfg = Release|Any CPU
		{8D27DDD8-F006-4D03-A2D8-565CF8721AF3}.Release|Any CPU.Build.0 = Release|Any CPU
		{F9332F79-888E-41B4-8AE2-E1330078964F}.Debug|Any CPU.ActiveCfg = Debug|Any CPU
		{F9332F79-888E-41B4-8AE2-E1330078964F}.Debug|Any CPU.Build.0 = Debug|Any CPU
		{F9332F79-888E-41B4-8AE2-E1330078964F}.Release|Any CPU.ActiveCfg = Release|Any CPU
		{F9332F79-888E-41B4-8AE2-E1330078964F}.Release|Any CPU.Build.0 = Release|Any CPU
	EndGlobalSection
	GlobalSection(SolutionProperties) = preSolution
		HideSolutionNode = FALSE
	EndGlobalSection
	GlobalSection(ExtensibilityGlobals) = postSolution
		SolutionGuid = {37F732E7-5826-4E06-8F67-ABFEB5EC8586}
	EndGlobalSection
EndGlobal
